// !$*UTF8*$!
{
	archiveVersion = 1;
	classes = {
	};
	objectVersion = 46;
	objects = {

/* Begin PBXBuildFile section */
		E4D9683B1696BE6500481DAA /* UIKit.framework in Frameworks */ = {isa = PBXBuildFile; fileRef = E4D9683A1696BE6500481DAA /* UIKit.framework */; };
		E4D9683D1696BE6500481DAA /* Foundation.framework in Frameworks */ = {isa = PBXBuildFile; fileRef = E4D9683C1696BE6500481DAA /* Foundation.framework */; };
		E4D9683F1696BE6500481DAA /* CoreGraphics.framework in Frameworks */ = {isa = PBXBuildFile; fileRef = E4D9683E1696BE6500481DAA /* CoreGraphics.framework */; };
		E4D968451696BE6500481DAA /* InfoPlist.strings in Resources */ = {isa = PBXBuildFile; fileRef = E4D968431696BE6500481DAA /* InfoPlist.strings */; };
		E4D968471696BE6500481DAA /* main.m in Sources */ = {isa = PBXBuildFile; fileRef = E4D968461696BE6500481DAA /* main.m */; };
		E4D9684B1696BE6500481DAA /* EFormsAppDelegate.m in Sources */ = {isa = PBXBuildFile; fileRef = E4D9684A1696BE6500481DAA /* EFormsAppDelegate.m */; };
		E4D9684E1696BE6500481DAA /* EFormsViewController.m in Sources */ = {isa = PBXBuildFile; fileRef = E4D9684D1696BE6500481DAA /* EFormsViewController.m */; };
		E4D968511696BE6500481DAA /* EFormsViewController.xib in Resources */ = {isa = PBXBuildFile; fileRef = E4D9684F1696BE6500481DAA /* EFormsViewController.xib */; };
/* End PBXBuildFile section */

/* Begin PBXFileReference section */
		E4D968361696BE6500481DAA /* EForms.app */ = {isa = PBXFileReference; explicitFileType = wrapper.application; includeInIndex = 0; path = EForms.app; sourceTree = BUILT_PRODUCTS_DIR; };
		E4D9683A1696BE6500481DAA /* UIKit.framework */ = {isa = PBXFileReference; lastKnownFileType = wrapper.framework; name = UIKit.framework; path = System/Library/Frameworks/UIKit.framework; sourceTree = SDKROOT; };
		E4D9683C1696BE6500481DAA /* Foundation.framework */ = {isa = PBXFileReference; lastKnownFileType = wrapper.framework; name = Foundation.framework; path = System/Library/Frameworks/Foundation.framework; sourceTree = SDKROOT; };
		E4D9683E1696BE6500481DAA /* CoreGraphics.framework */ = {isa = PBXFileReference; lastKnownFileType = wrapper.framework; name = CoreGraphics.framework; path = System/Library/Frameworks/CoreGraphics.framework; sourceTree = SDKROOT; };
		E4D968421696BE6500481DAA /* EForms-Info.plist */ = {isa = PBXFileReference; lastKnownFileType = text.plist.xml; path = "EForms-Info.plist"; sourceTree = "<group>"; };
		E4D968441696BE6500481DAA /* en */ = {isa = PBXFileReference; lastKnownFileType = text.plist.strings; name = en; path = en.lproj/InfoPlist.strings; sourceTree = "<group>"; };
		E4D968461696BE6500481DAA /* main.m */ = {isa = PBXFileReference; lastKnownFileType = sourcecode.c.objc; path = main.m; sourceTree = "<group>"; };
		E4D968481696BE6500481DAA /* EForms-Prefix.pch */ = {isa = PBXFileReference; lastKnownFileType = sourcecode.c.h; path = "EForms-Prefix.pch"; sourceTree = "<group>"; };
		E4D968491696BE6500481DAA /* EFormsAppDelegate.h */ = {isa = PBXFileReference; lastKnownFileType = sourcecode.c.h; path = EFormsAppDelegate.h; sourceTree = "<group>"; };
		E4D9684A1696BE6500481DAA /* EFormsAppDelegate.m */ = {isa = PBXFileReference; lastKnownFileType = sourcecode.c.objc; path = EFormsAppDelegate.m; sourceTree = "<group>"; };
		E4D9684C1696BE6500481DAA /* EFormsViewController.h */ = {isa = PBXFileReference; lastKnownFileType = sourcecode.c.h; path = EFormsViewController.h; sourceTree = "<group>"; };
		E4D9684D1696BE6500481DAA /* EFormsViewController.m */ = {isa = PBXFileReference; lastKnownFileType = sourcecode.c.objc; path = EFormsViewController.m; sourceTree = "<group>"; };
		E4D968501696BE6500481DAA /* en */ = {isa = PBXFileReference; lastKnownFileType = file.xib; name = en; path = en.lproj/EFormsViewController.xib; sourceTree = "<group>"; };
/* End PBXFileReference section */

/* Begin PBXFrameworksBuildPhase section */
		E4D968331696BE6500481DAA /* Frameworks */ = {
			isa = PBXFrameworksBuildPhase;
			buildActionMask = 2147483647;
			files = (
				E4D9683B1696BE6500481DAA /* UIKit.framework in Frameworks */,
				E4D9683D1696BE6500481DAA /* Foundation.framework in Frameworks */,
				E4D9683F1696BE6500481DAA /* CoreGraphics.framework in Frameworks */,
			);
			runOnlyForDeploymentPostprocessing = 0;
		};
/* End PBXFrameworksBuildPhase section */

/* Begin PBXGroup section */
		E4D9682B1696BE6500481DAA = {
			isa = PBXGroup;
			children = (
				E4D968401696BE6500481DAA /* EForms */,
				E4D968391696BE6500481DAA /* Frameworks */,
				E4D968371696BE6500481DAA /* Products */,
			);
			sourceTree = "<group>";
		};
		E4D968371696BE6500481DAA /* Products */ = {
			isa = PBXGroup;
			children = (
				E4D968361696BE6500481DAA /* EForms.app */,
			);
			name = Products;
			sourceTree = "<group>";
		};
		E4D968391696BE6500481DAA /* Frameworks */ = {
			isa = PBXGroup;
			children = (
				E4D9683A1696BE6500481DAA /* UIKit.framework */,
				E4D9683C1696BE6500481DAA /* Foundation.framework */,
				E4D9683E1696BE6500481DAA /* CoreGraphics.framework */,
			);
			name = Frameworks;
			sourceTree = "<group>";
		};
		E4D968401696BE6500481DAA /* EForms */ = {
			isa = PBXGroup;
			children = (
				E4D968491696BE6500481DAA /* EFormsAppDelegate.h */,
				E4D9684A1696BE6500481DAA /* EFormsAppDelegate.m */,
				E4D9684C1696BE6500481DAA /* EFormsViewController.h */,
				E4D9684D1696BE6500481DAA /* EFormsViewController.m */,
				E4D9684F1696BE6500481DAA /* EFormsViewController.xib */,
				E4D968411696BE6500481DAA /* Supporting Files */,
			);
			path = EForms;
			sourceTree = "<group>";
		};
		E4D968411696BE6500481DAA /* Supporting Files */ = {
			isa = PBXGroup;
			children = (
				E4D968421696BE6500481DAA /* EForms-Info.plist */,
				E4D968431696BE6500481DAA /* InfoPlist.strings */,
				E4D968461696BE6500481DAA /* main.m */,
				E4D968481696BE6500481DAA /* EForms-Prefix.pch */,
			);
			name = "Supporting Files";
			sourceTree = "<group>";
		};
/* End PBXGroup section */

/* Begin PBXNativeTarget section */
		E4D968351696BE6500481DAA /* EForms */ = {
			isa = PBXNativeTarget;
			buildConfigurationList = E4D968541696BE6500481DAA /* Build configuration list for PBXNativeTarget "EForms" */;
			buildPhases = (
				E4D968321696BE6500481DAA /* Sources */,
				E4D968331696BE6500481DAA /* Frameworks */,
				E4D968341696BE6500481DAA /* Resources */,
			);
			buildRules = (
			);
			dependencies = (
			);
			name = EForms;
			productName = EForms;
			productReference = E4D968361696BE6500481DAA /* EForms.app */;
			productType = "com.apple.product-type.application";
		};
/* End PBXNativeTarget section */

/* Begin PBXProject section */
		E4D9682D1696BE6500481DAA /* Project object */ = {
			isa = PBXProject;
			attributes = {
				CLASSPREFIX = EForms;
				LastUpgradeCheck = 0440;
				ORGANIZATIONNAME = vmoksha;
			};
			buildConfigurationList = E4D968301696BE6500481DAA /* Build configuration list for PBXProject "EForms" */;
			compatibilityVersion = "Xcode 3.2";
			developmentRegion = English;
			hasScannedForEncodings = 0;
			knownRegions = (
				en,
			);
			mainGroup = E4D9682B1696BE6500481DAA;
			productRefGroup = E4D968371696BE6500481DAA /* Products */;
			projectDirPath = "";
			projectRoot = "";
			targets = (
				E4D968351696BE6500481DAA /* EForms */,
			);
		};
/* End PBXProject section */

/* Begin PBXResourcesBuildPhase section */
		E4D968341696BE6500481DAA /* Resources */ = {
			isa = PBXResourcesBuildPhase;
			buildActionMask = 2147483647;
			files = (
				E4D968451696BE6500481DAA /* InfoPlist.strings in Resources */,
				E4D968511696BE6500481DAA /* EFormsViewController.xib in Resources */,
			);
			runOnlyForDeploymentPostprocessing = 0;
		};
/* End PBXResourcesBuildPhase section */

/* Begin PBXSourcesBuildPhase section */
		E4D968321696BE6500481DAA /* Sources */ = {
			isa = PBXSourcesBuildPhase;
			buildActionMask = 2147483647;
			files = (
				E4D968471696BE6500481DAA /* main.m in Sources */,
				E4D9684B1696BE6500481DAA /* EFormsAppDelegate.m in Sources */,
				E4D9684E1696BE6500481DAA /* EFormsViewController.m in Sources */,
			);
			runOnlyForDeploymentPostprocessing = 0;
		};
/* End PBXSourcesBuildPhase section */

/* Begin PBXVariantGroup section */
		E4D968431696BE6500481DAA /* InfoPlist.strings */ = {
			isa = PBXVariantGroup;
			children = (
				E4D968441696BE6500481DAA /* en */,
			);
			name = InfoPlist.strings;
			sourceTree = "<group>";
		};
		E4D9684F1696BE6500481DAA /* EFormsViewController.xib */ = {
			isa = PBXVariantGroup;
			children = (
				E4D968501696BE6500481DAA /* en */,
			);
			name = EFormsViewController.xib;
			sourceTree = "<group>";
		};
/* End PBXVariantGroup section */

/* Begin XCBuildConfiguration section */
		E4D968521696BE6500481DAA /* Debug */ = {
			isa = XCBuildConfiguration;
			buildSettings = {
				ALWAYS_SEARCH_USER_PATHS = NO;
				ARCHS = "$(ARCHS_STANDARD_32_BIT)";
				CLANG_CXX_LANGUAGE_STANDARD = "gnu++0x";
				CLANG_ENABLE_OBJC_ARC = YES;
				CLANG_WARN__DUPLICATE_METHOD_MATCH = YES;
				"CODE_SIGN_IDENTITY[sdk=iphoneos*]" = "iPhone Developer";
				COPY_PHASE_STRIP = NO;
				GCC_C_LANGUAGE_STANDARD = gnu99;
				GCC_DYNAMIC_NO_PIC = NO;
				GCC_OPTIMIZATION_LEVEL = 0;
				GCC_PREPROCESSOR_DEFINITIONS = (
					"DEBUG=1",
					"$(inherited)",
				);
				GCC_SYMBOLS_PRIVATE_EXTERN = NO;
				GCC_VERSION = com.apple.compilers.llvm.clang.1_0;
				GCC_WARN_ABOUT_RETURN_TYPE = YES;
				GCC_WARN_UNINITIALIZED_AUTOS = YES;
				GCC_WARN_UNUSED_VARIABLE = YES;
				IPHONEOS_DEPLOYMENT_TARGET = 5.1;
				SDKROOT = iphoneos;
				TARGETED_DEVICE_FAMILY = 2;
			};
			name = Debug;
		};
		E4D968531696BE6500481DAA /* Release */ = {
			isa = XCBuildConfiguration;
			buildSettings = {
				ALWAYS_SEARCH_USER_PATHS = NO;
				ARCHS = "$(ARCHS_STANDARD_32_BIT)";
				CLANG_CXX_LANGUAGE_STANDARD = "gnu++0x";
				CLANG_ENABLE_OBJC_ARC = YES;
				CLANG_WARN__DUPLICATE_METHOD_MATCH = YES;
				"CODE_SIGN_IDENTITY[sdk=iphoneos*]" = "iPhone Developer";
				COPY_PHASE_STRIP = YES;
				GCC_C_LANGUAGE_STANDARD = gnu99;
				GCC_VERSION = com.apple.compilers.llvm.clang.1_0;
				GCC_WARN_ABOUT_RETURN_TYPE = YES;
				GCC_WARN_UNINITIALIZED_AUTOS = YES;
				GCC_WARN_UNUSED_VARIABLE = YES;
				IPHONEOS_DEPLOYMENT_TARGET = 5.1;
				OTHER_CFLAGS = "-DNS_BLOCK_ASSERTIONS=1";
				SDKROOT = iphoneos;
				TARGETED_DEVICE_FAMILY = 2;
				VALIDATE_PRODUCT = YES;
			};
			name = Release;
		};
		E4D968551696BE6500481DAA /* Debug */ = {
			isa = XCBuildConfiguration;
			buildSettings = {
				GCC_PRECOMPILE_PREFIX_HEADER = YES;
				GCC_PREFIX_HEADER = "EForms/EForms-Prefix.pch";
				INFOPLIST_FILE = "EForms/EForms-Info.plist";
				PRODUCT_NAME = "$(TARGET_NAME)";
				WRAPPER_EXTENSION = app;
			};
			name = Debug;
		};
		E4D968561696BE6500481DAA /* Release */ = {
			isa = XCBuildConfiguration;
			buildSettings = {
				GCC_PRECOMPILE_PREFIX_HEADER = YES;
				GCC_PREFIX_HEADER = "EForms/EForms-Prefix.pch";
				INFOPLIST_FILE = "EForms/EForms-Info.plist";
				PRODUCT_NAME = "$(TARGET_NAME)";
				WRAPPER_EXTENSION = app;
			};
			name = Release;
		};
/* End XCBuildConfiguration section */

/* Begin XCConfigurationList section */
		E4D968301696BE6500481DAA /* Build configuration list for PBXProject "EForms" */ = {
			isa = XCConfigurationList;
			buildConfigurations = (
				E4D968521696BE6500481DAA /* Debug */,
				E4D968531696BE6500481DAA /* Release */,
			);
			defaultConfigurationIsVisible = 0;
			defaultConfigurationName = Release;
		};
		E4D968541696BE6500481DAA /* Build configuration list for PBXNativeTarget "EForms" */ = {
			isa = XCConfigurationList;
			buildConfigurations = (
				E4D968551696BE6500481DAA /* Debug */,
				E4D968561696BE6500481DAA /* Release */,
			);
			defaultConfigurationIsVisible = 0;
		};
/* End XCConfigurationList section */
	};
	rootObject = E4D9682D1696BE6500481DAA /* Project object */;
}
